// !$*UTF8*$!
{
	archiveVersion = 1;
	classes = {
	};
	objectVersion = 56;
	objects = {

/* Begin PBXBuildFile section */
		6A4C2EEA2C800FFE00BA8305 /* Utils.swift in Sources */ = {isa = PBXBuildFile; fileRef = 6A4C2EE92C800FFE00BA8305 /* Utils.swift */; };
		6A4C2EEC2C801BE400BA8305 /* aQuiénLeImporta.mp3 in Resources */ = {isa = PBXBuildFile; fileRef = 6A4C2EEB2C801BE400BA8305 /* aQuiénLeImporta.mp3 */; };
		6A4C2EEE2C91D41E00BA8305 /* PlayerViewController+RemoteControlsExtension.swift in Sources */ = {isa = PBXBuildFile; fileRef = 6A4C2EED2C91D41E00BA8305 /* PlayerViewController+RemoteControlsExtension.swift */; };
		6A4C2EF22C935BCC00BA8305 /* JoshWoodward-DW-03-Insomnia.mp3 in Resources */ = {isa = PBXBuildFile; fileRef = 6A4C2EEF2C935BCC00BA8305 /* JoshWoodward-DW-03-Insomnia.mp3 */; };
		6A4C2EF32C935BCC00BA8305 /* JoshWoodward-DW-07-TheRavenAndTheSwan.mp3 in Resources */ = {isa = PBXBuildFile; fileRef = 6A4C2EF02C935BCC00BA8305 /* JoshWoodward-DW-07-TheRavenAndTheSwan.mp3 */; };
		6A4C2EF42C935BCC00BA8305 /* JoshWoodward-AttS-01-Release.mp3 in Resources */ = {isa = PBXBuildFile; fileRef = 6A4C2EF12C935BCC00BA8305 /* JoshWoodward-AttS-01-Release.mp3 */; };
		6A4C2EF62C936AEB00BA8305 /* SongInfo.swift in Sources */ = {isa = PBXBuildFile; fileRef = 6A4C2EF52C936AEB00BA8305 /* SongInfo.swift */; };
		6A8463B92C76F556000E5513 /* AppDelegate.swift in Sources */ = {isa = PBXBuildFile; fileRef = 6A8463B82C76F556000E5513 /* AppDelegate.swift */; };
		6A8463BB2C76F556000E5513 /* SceneDelegate.swift in Sources */ = {isa = PBXBuildFile; fileRef = 6A8463BA2C76F556000E5513 /* SceneDelegate.swift */; };
		6A8463BD2C76F556000E5513 /* PlayerViewController.swift in Sources */ = {isa = PBXBuildFile; fileRef = 6A8463BC2C76F556000E5513 /* PlayerViewController.swift */; };
		6A8463C02C76F556000E5513 /* Main.storyboard in Resources */ = {isa = PBXBuildFile; fileRef = 6A8463BE2C76F556000E5513 /* Main.storyboard */; };
		6A8463C22C76F559000E5513 /* Assets.xcassets in Resources */ = {isa = PBXBuildFile; fileRef = 6A8463C12C76F559000E5513 /* Assets.xcassets */; };
		6A8463C52C76F559000E5513 /* LaunchScreen.storyboard in Resources */ = {isa = PBXBuildFile; fileRef = 6A8463C32C76F559000E5513 /* LaunchScreen.storyboard */; };
		6A8463CD2C76F619000E5513 /* Sixteen.mp3 in Resources */ = {isa = PBXBuildFile; fileRef = 6A8463CC2C76F618000E5513 /* Sixteen.mp3 */; };
		6A8463CF2C7C0BA6000E5513 /* PlayerViewModel.swift in Sources */ = {isa = PBXBuildFile; fileRef = 6A8463CE2C7C0BA6000E5513 /* PlayerViewModel.swift */; };
		6A8463D12C7CDA36000E5513 /* seraPorqueTeAmo.mp3 in Resources */ = {isa = PBXBuildFile; fileRef = 6A8463D02C7CDA36000E5513 /* seraPorqueTeAmo.mp3 */; };
		6A8463D32C7CDB0C000E5513 /* perfecta.mp3 in Resources */ = {isa = PBXBuildFile; fileRef = 6A8463D22C7CDB0C000E5513 /* perfecta.mp3 */; };
		6A8463D72C7CDC11000E5513 /* laFuerzaDelDestino.mp3 in Resources */ = {isa = PBXBuildFile; fileRef = 6A8463D62C7CDC11000E5513 /* laFuerzaDelDestino.mp3 */; };
		6A8463D92C7D761E000E5513 /* SongsRepository.swift in Sources */ = {isa = PBXBuildFile; fileRef = 6A8463D82C7D761E000E5513 /* SongsRepository.swift */; };
		6A8463E02C7D77F1000E5513 /* Song.swift in Sources */ = {isa = PBXBuildFile; fileRef = 6A8463DF2C7D77F1000E5513 /* Song.swift */; };
/* End PBXBuildFile section */

/* Begin PBXFileReference section */
		6A4C2EE92C800FFE00BA8305 /* Utils.swift */ = {isa = PBXFileReference; lastKnownFileType = sourcecode.swift; path = Utils.swift; sourceTree = "<group>"; };
		6A4C2EEB2C801BE400BA8305 /* aQuiénLeImporta.mp3 */ = {isa = PBXFileReference; lastKnownFileType = audio.mp3; path = "aQuiénLeImporta.mp3"; sourceTree = "<group>"; };
		6A4C2EED2C91D41E00BA8305 /* PlayerViewController+RemoteControlsExtension.swift */ = {isa = PBXFileReference; lastKnownFileType = sourcecode.swift; path = "PlayerViewController+RemoteControlsExtension.swift"; sourceTree = "<group>"; };
		6A4C2EEF2C935BCC00BA8305 /* JoshWoodward-DW-03-Insomnia.mp3 */ = {isa = PBXFileReference; lastKnownFileType = audio.mp3; path = "JoshWoodward-DW-03-Insomnia.mp3"; sourceTree = "<group>"; };
		6A4C2EF02C935BCC00BA8305 /* JoshWoodward-DW-07-TheRavenAndTheSwan.mp3 */ = {isa = PBXFileReference; lastKnownFileType = audio.mp3; path = "JoshWoodward-DW-07-TheRavenAndTheSwan.mp3"; sourceTree = "<group>"; };
		6A4C2EF12C935BCC00BA8305 /* JoshWoodward-AttS-01-Release.mp3 */ = {isa = PBXFileReference; lastKnownFileType = audio.mp3; path = "JoshWoodward-AttS-01-Release.mp3"; sourceTree = "<group>"; };
		6A4C2EF52C936AEB00BA8305 /* SongInfo.swift */ = {isa = PBXFileReference; lastKnownFileType = sourcecode.swift; path = SongInfo.swift; sourceTree = "<group>"; };
		6A8463B52C76F556000E5513 /* iMusic.app */ = {isa = PBXFileReference; explicitFileType = wrapper.application; includeInIndex = 0; path = iMusic.app; sourceTree = BUILT_PRODUCTS_DIR; };
		6A8463B82C76F556000E5513 /* AppDelegate.swift */ = {isa = PBXFileReference; lastKnownFileType = sourcecode.swift; path = AppDelegate.swift; sourceTree = "<group>"; };
		6A8463BA2C76F556000E5513 /* SceneDelegate.swift */ = {isa = PBXFileReference; lastKnownFileType = sourcecode.swift; path = SceneDelegate.swift; sourceTree = "<group>"; };
		6A8463BC2C76F556000E5513 /* PlayerViewController.swift */ = {isa = PBXFileReference; lastKnownFileType = sourcecode.swift; path = PlayerViewController.swift; sourceTree = "<group>"; };
		6A8463BF2C76F556000E5513 /* Base */ = {isa = PBXFileReference; lastKnownFileType = file.storyboard; name = Base; path = Base.lproj/Main.storyboard; sourceTree = "<group>"; };
		6A8463C12C76F559000E5513 /* Assets.xcassets */ = {isa = PBXFileReference; lastKnownFileType = folder.assetcatalog; path = Assets.xcassets; sourceTree = "<group>"; };
		6A8463C42C76F559000E5513 /* Base */ = {isa = PBXFileReference; lastKnownFileType = file.storyboard; name = Base; path = Base.lproj/LaunchScreen.storyboard; sourceTree = "<group>"; };
		6A8463C62C76F559000E5513 /* Info.plist */ = {isa = PBXFileReference; lastKnownFileType = text.plist.xml; path = Info.plist; sourceTree = "<group>"; };
		6A8463CC2C76F618000E5513 /* Sixteen.mp3 */ = {isa = PBXFileReference; lastKnownFileType = audio.mp3; path = Sixteen.mp3; sourceTree = "<group>"; };
		6A8463CE2C7C0BA6000E5513 /* PlayerViewModel.swift */ = {isa = PBXFileReference; lastKnownFileType = sourcecode.swift; path = PlayerViewModel.swift; sourceTree = "<group>"; };
		6A8463D02C7CDA36000E5513 /* seraPorqueTeAmo.mp3 */ = {isa = PBXFileReference; lastKnownFileType = audio.mp3; path = seraPorqueTeAmo.mp3; sourceTree = "<group>"; };
		6A8463D22C7CDB0C000E5513 /* perfecta.mp3 */ = {isa = PBXFileReference; lastKnownFileType = audio.mp3; path = perfecta.mp3; sourceTree = "<group>"; };
		6A8463D62C7CDC11000E5513 /* laFuerzaDelDestino.mp3 */ = {isa = PBXFileReference; lastKnownFileType = audio.mp3; path = laFuerzaDelDestino.mp3; sourceTree = "<group>"; };
		6A8463D82C7D761E000E5513 /* SongsRepository.swift */ = {isa = PBXFileReference; lastKnownFileType = sourcecode.swift; path = SongsRepository.swift; sourceTree = "<group>"; };
		6A8463DF2C7D77F1000E5513 /* Song.swift */ = {isa = PBXFileReference; lastKnownFileType = sourcecode.swift; path = Song.swift; sourceTree = "<group>"; };
/* End PBXFileReference section */

/* Begin PBXFrameworksBuildPhase section */
		6A8463B22C76F556000E5513 /* Frameworks */ = {
			isa = PBXFrameworksBuildPhase;
			buildActionMask = 2147483647;
			files = (
			);
			runOnlyForDeploymentPostprocessing = 0;
		};
/* End PBXFrameworksBuildPhase section */

/* Begin PBXGroup section */
		6A4C2EE82C800FF200BA8305 /* Utils */ = {
			isa = PBXGroup;
			children = (
				6A4C2EE92C800FFE00BA8305 /* Utils.swift */,
			);
			path = Utils;
			sourceTree = "<group>";
		};
		6A8463AC2C76F556000E5513 = {
			isa = PBXGroup;
			children = (
				6A8463B72C76F556000E5513 /* iMusic */,
				6A8463B62C76F556000E5513 /* Products */,
			);
			sourceTree = "<group>";
		};
		6A8463B62C76F556000E5513 /* Products */ = {
			isa = PBXGroup;
			children = (
				6A8463B52C76F556000E5513 /* iMusic.app */,
			);
			name = Products;
			sourceTree = "<group>";
		};
		6A8463B72C76F556000E5513 /* iMusic */ = {
			isa = PBXGroup;
			children = (
				6A4C2EE82C800FF200BA8305 /* Utils */,
				6A8463DE2C7D7754000E5513 /* Files */,
				6A8463DA2C7D7713000E5513 /* Model */,
				6A8463DC2C7D7732000E5513 /* View */,
				6A8463DB2C7D771E000E5513 /* ViewModel */,
				6A8463DD2C7D7740000E5513 /* Repository */,
				6A8463B82C76F556000E5513 /* AppDelegate.swift */,
				6A8463BA2C76F556000E5513 /* SceneDelegate.swift */,
				6A8463C12C76F559000E5513 /* Assets.xcassets */,
				6A8463C32C76F559000E5513 /* LaunchScreen.storyboard */,
				6A8463C62C76F559000E5513 /* Info.plist */,
			);
			path = iMusic;
			sourceTree = "<group>";
		};
		6A8463DA2C7D7713000E5513 /* Model */ = {
			isa = PBXGroup;
			children = (
				6A8463DF2C7D77F1000E5513 /* Song.swift */,
				6A4C2EF52C936AEB00BA8305 /* SongInfo.swift */,
			);
			path = Model;
			sourceTree = "<group>";
		};
		6A8463DB2C7D771E000E5513 /* ViewModel */ = {
			isa = PBXGroup;
			children = (
				6A8463CE2C7C0BA6000E5513 /* PlayerViewModel.swift */,
			);
			path = ViewModel;
			sourceTree = "<group>";
		};
		6A8463DC2C7D7732000E5513 /* View */ = {
			isa = PBXGroup;
			children = (
				6A8463BE2C76F556000E5513 /* Main.storyboard */,
				6A8463BC2C76F556000E5513 /* PlayerViewController.swift */,
				6A4C2EED2C91D41E00BA8305 /* PlayerViewController+RemoteControlsExtension.swift */,
			);
			path = View;
			sourceTree = "<group>";
		};
		6A8463DD2C7D7740000E5513 /* Repository */ = {
			isa = PBXGroup;
			children = (
				6A8463D82C7D761E000E5513 /* SongsRepository.swift */,
			);
			path = Repository;
			sourceTree = "<group>";
		};
		6A8463DE2C7D7754000E5513 /* Files */ = {
			isa = PBXGroup;
			children = (
				6A4C2EEF2C935BCC00BA8305 /* JoshWoodward-DW-03-Insomnia.mp3 */,
				6A4C2EF02C935BCC00BA8305 /* JoshWoodward-DW-07-TheRavenAndTheSwan.mp3 */,
				6A8463CC2C76F618000E5513 /* Sixteen.mp3 */,
				6A8463D22C7CDB0C000E5513 /* perfecta.mp3 */,
				6A8463D02C7CDA36000E5513 /* seraPorqueTeAmo.mp3 */,
				6A4C2EEB2C801BE400BA8305 /* aQuiénLeImporta.mp3 */,
				6A8463D62C7CDC11000E5513 /* laFuerzaDelDestino.mp3 */,
				6A4C2EF12C935BCC00BA8305 /* JoshWoodward-AttS-01-Release.mp3 */,
			);
			path = Files;
			sourceTree = "<group>";
		};
/* End PBXGroup section */

/* Begin PBXNativeTarget section */
		6A8463B42C76F556000E5513 /* iMusic */ = {
			isa = PBXNativeTarget;
			buildConfigurationList = 6A8463C92C76F559000E5513 /* Build configuration list for PBXNativeTarget "iMusic" */;
			buildPhases = (
				6A8463B12C76F556000E5513 /* Sources */,
				6A8463B22C76F556000E5513 /* Frameworks */,
				6A8463B32C76F556000E5513 /* Resources */,
			);
			buildRules = (
			);
			dependencies = (
			);
			name = iMusic;
			productName = iMusic;
			productReference = 6A8463B52C76F556000E5513 /* iMusic.app */;
			productType = "com.apple.product-type.application";
		};
/* End PBXNativeTarget section */

/* Begin PBXProject section */
		6A8463AD2C76F556000E5513 /* Project object */ = {
			isa = PBXProject;
			attributes = {
				BuildIndependentTargetsInParallel = 1;
				LastSwiftUpdateCheck = 1510;
				LastUpgradeCheck = 1510;
				TargetAttributes = {
					6A8463B42C76F556000E5513 = {
						CreatedOnToolsVersion = 15.1;
					};
				};
			};
			buildConfigurationList = 6A8463B02C76F556000E5513 /* Build configuration list for PBXProject "iMusic" */;
			compatibilityVersion = "Xcode 14.0";
			developmentRegion = en;
			hasScannedForEncodings = 0;
			knownRegions = (
				en,
				Base,
			);
			mainGroup = 6A8463AC2C76F556000E5513;
			productRefGroup = 6A8463B62C76F556000E5513 /* Products */;
			projectDirPath = "";
			projectRoot = "";
			targets = (
				6A8463B42C76F556000E5513 /* iMusic */,
			);
		};
/* End PBXProject section */

/* Begin PBXResourcesBuildPhase section */
		6A8463B32C76F556000E5513 /* Resources */ = {
			isa = PBXResourcesBuildPhase;
			buildActionMask = 2147483647;
			files = (
				6A4C2EF22C935BCC00BA8305 /* JoshWoodward-DW-03-Insomnia.mp3 in Resources */,
				6A8463D32C7CDB0C000E5513 /* perfecta.mp3 in Resources */,
				6A8463D72C7CDC11000E5513 /* laFuerzaDelDestino.mp3 in Resources */,
				6A4C2EF42C935BCC00BA8305 /* JoshWoodward-AttS-01-Release.mp3 in Resources */,
				6A8463C52C76F559000E5513 /* LaunchScreen.storyboard in Resources */,
				6A4C2EEC2C801BE400BA8305 /* aQuiénLeImporta.mp3 in Resources */,
				6A4C2EF32C935BCC00BA8305 /* JoshWoodward-DW-07-TheRavenAndTheSwan.mp3 in Resources */,
				6A8463CD2C76F619000E5513 /* Sixteen.mp3 in Resources */,
				6A8463C22C76F559000E5513 /* Assets.xcassets in Resources */,
				6A8463D12C7CDA36000E5513 /* seraPorqueTeAmo.mp3 in Resources */,
				6A8463C02C76F556000E5513 /* Main.storyboard in Resources */,
			);
			runOnlyForDeploymentPostprocessing = 0;
		};
/* End PBXResourcesBuildPhase section */

/* Begin PBXSourcesBuildPhase section */
		6A8463B12C76F556000E5513 /* Sources */ = {
			isa = PBXSourcesBuildPhase;
			buildActionMask = 2147483647;
			files = (
				6A4C2EF62C936AEB00BA8305 /* SongInfo.swift in Sources */,
				6A8463E02C7D77F1000E5513 /* Song.swift in Sources */,
				6A8463BD2C76F556000E5513 /* PlayerViewController.swift in Sources */,
				6A8463CF2C7C0BA6000E5513 /* PlayerViewModel.swift in Sources */,
				6A4C2EEE2C91D41E00BA8305 /* PlayerViewController+RemoteControlsExtension.swift in Sources */,
				6A4C2EEA2C800FFE00BA8305 /* Utils.swift in Sources */,
				6A8463B92C76F556000E5513 /* AppDelegate.swift in Sources */,
				6A8463BB2C76F556000E5513 /* SceneDelegate.swift in Sources */,
				6A8463D92C7D761E000E5513 /* SongsRepository.swift in Sources */,
			);
			runOnlyForDeploymentPostprocessing = 0;
		};
/* End PBXSourcesBuildPhase section */

/* Begin PBXVariantGroup section */
		6A8463BE2C76F556000E5513 /* Main.storyboard */ = {
			isa = PBXVariantGroup;
			children = (
				6A8463BF2C76F556000E5513 /* Base */,
			);
			name = Main.storyboard;
			sourceTree = "<group>";
		};
		6A8463C32C76F559000E5513 /* LaunchScreen.storyboard */ = {
			isa = PBXVariantGroup;
			children = (
				6A8463C42C76F559000E5513 /* Base */,
			);
			name = LaunchScreen.storyboard;
			sourceTree = "<group>";
		};
/* End PBXVariantGroup section */

/* Begin XCBuildConfiguration section */
		6A8463C72C76F559000E5513 /* Debug */ = {
			isa = XCBuildConfiguration;
			buildSettings = {
				ALWAYS_SEARCH_USER_PATHS = NO;
				ASSETCATALOG_COMPILER_GENERATE_SWIFT_ASSET_SYMBOL_EXTENSIONS = YES;
				CLANG_ANALYZER_NONNULL = YES;
				CLANG_ANALYZER_NUMBER_OBJECT_CONVERSION = YES_AGGRESSIVE;
				CLANG_CXX_LANGUAGE_STANDARD = "gnu++20";
				CLANG_ENABLE_MODULES = YES;
				CLANG_ENABLE_OBJC_ARC = YES;
				CLANG_ENABLE_OBJC_WEAK = YES;
				CLANG_WARN_BLOCK_CAPTURE_AUTORELEASING = YES;
				CLANG_WARN_BOOL_CONVERSION = YES;
				CLANG_WARN_COMMA = YES;
				CLANG_WARN_CONSTANT_CONVERSION = YES;
				CLANG_WARN_DEPRECATED_OBJC_IMPLEMENTATIONS = YES;
				CLANG_WARN_DIRECT_OBJC_ISA_USAGE = YES_ERROR;
				CLANG_WARN_DOCUMENTATION_COMMENTS = YES;
				CLANG_WARN_EMPTY_BODY = YES;
				CLANG_WARN_ENUM_CONVERSION = YES;
				CLANG_WARN_INFINITE_RECURSION = YES;
				CLANG_WARN_INT_CONVERSION = YES;
				CLANG_WARN_NON_LITERAL_NULL_CONVERSION = YES;
				CLANG_WARN_OBJC_IMPLICIT_RETAIN_SELF = YES;
				CLANG_WARN_OBJC_LITERAL_CONVERSION = YES;
				CLANG_WARN_OBJC_ROOT_CLASS = YES_ERROR;
				CLANG_WARN_QUOTED_INCLUDE_IN_FRAMEWORK_HEADER = YES;
				CLANG_WARN_RANGE_LOOP_ANALYSIS = YES;
				CLANG_WARN_STRICT_PROTOTYPES = YES;
				CLANG_WARN_SUSPICIOUS_MOVE = YES;
				CLANG_WARN_UNGUARDED_AVAILABILITY = YES_AGGRESSIVE;
				CLANG_WARN_UNREACHABLE_CODE = YES;
				CLANG_WARN__DUPLICATE_METHOD_MATCH = YES;
				COPY_PHASE_STRIP = NO;
				DEBUG_INFORMATION_FORMAT = dwarf;
				ENABLE_STRICT_OBJC_MSGSEND = YES;
				ENABLE_TESTABILITY = YES;
				ENABLE_USER_SCRIPT_SANDBOXING = YES;
				GCC_C_LANGUAGE_STANDARD = gnu17;
				GCC_DYNAMIC_NO_PIC = NO;
				GCC_NO_COMMON_BLOCKS = YES;
				GCC_OPTIMIZATION_LEVEL = 0;
				GCC_PREPROCESSOR_DEFINITIONS = (
					"DEBUG=1",
					"$(inherited)",
				);
				GCC_WARN_64_TO_32_BIT_CONVERSION = YES;
				GCC_WARN_ABOUT_RETURN_TYPE = YES_ERROR;
				GCC_WARN_UNDECLARED_SELECTOR = YES;
				GCC_WARN_UNINITIALIZED_AUTOS = YES_AGGRESSIVE;
				GCC_WARN_UNUSED_FUNCTION = YES;
				GCC_WARN_UNUSED_VARIABLE = YES;
				IPHONEOS_DEPLOYMENT_TARGET = 17.2;
				LOCALIZATION_PREFERS_STRING_CATALOGS = YES;
				MTL_ENABLE_DEBUG_INFO = INCLUDE_SOURCE;
				MTL_FAST_MATH = YES;
				ONLY_ACTIVE_ARCH = YES;
				SDKROOT = iphoneos;
				SWIFT_ACTIVE_COMPILATION_CONDITIONS = "DEBUG $(inherited)";
				SWIFT_OPTIMIZATION_LEVEL = "-Onone";
			};
			name = Debug;
		};
		6A8463C82C76F559000E5513 /* Release */ = {
			isa = XCBuildConfiguration;
			buildSettings = {
				ALWAYS_SEARCH_USER_PATHS = NO;
				ASSETCATALOG_COMPILER_GENERATE_SWIFT_ASSET_SYMBOL_EXTENSIONS = YES;
				CLANG_ANALYZER_NONNULL = YES;
				CLANG_ANALYZER_NUMBER_OBJECT_CONVERSION = YES_AGGRESSIVE;
				CLANG_CXX_LANGUAGE_STANDARD = "gnu++20";
				CLANG_ENABLE_MODULES = YES;
				CLANG_ENABLE_OBJC_ARC = YES;
				CLANG_ENABLE_OBJC_WEAK = YES;
				CLANG_WARN_BLOCK_CAPTURE_AUTORELEASING = YES;
				CLANG_WARN_BOOL_CONVERSION = YES;
				CLANG_WARN_COMMA = YES;
				CLANG_WARN_CONSTANT_CONVERSION = YES;
				CLANG_WARN_DEPRECATED_OBJC_IMPLEMENTATIONS = YES;
				CLANG_WARN_DIRECT_OBJC_ISA_USAGE = YES_ERROR;
				CLANG_WARN_DOCUMENTATION_COMMENTS = YES;
				CLANG_WARN_EMPTY_BODY = YES;
				CLANG_WARN_ENUM_CONVERSION = YES;
				CLANG_WARN_INFINITE_RECURSION = YES;
				CLANG_WARN_INT_CONVERSION = YES;
				CLANG_WARN_NON_LITERAL_NULL_CONVERSION = YES;
				CLANG_WARN_OBJC_IMPLICIT_RETAIN_SELF = YES;
				CLANG_WARN_OBJC_LITERAL_CONVERSION = YES;
				CLANG_WARN_OBJC_ROOT_CLASS = YES_ERROR;
				CLANG_WARN_QUOTED_INCLUDE_IN_FRAMEWORK_HEADER = YES;
				CLANG_WARN_RANGE_LOOP_ANALYSIS = YES;
				CLANG_WARN_STRICT_PROTOTYPES = YES;
				CLANG_WARN_SUSPICIOUS_MOVE = YES;
				CLANG_WARN_UNGUARDED_AVAILABILITY = YES_AGGRESSIVE;
				CLANG_WARN_UNREACHABLE_CODE = YES;
				CLANG_WARN__DUPLICATE_METHOD_MATCH = YES;
				COPY_PHASE_STRIP = NO;
				DEBUG_INFORMATION_FORMAT = "dwarf-with-dsym";
				ENABLE_NS_ASSERTIONS = NO;
				ENABLE_STRICT_OBJC_MSGSEND = YES;
				ENABLE_USER_SCRIPT_SANDBOXING = YES;
				GCC_C_LANGUAGE_STANDARD = gnu17;
				GCC_NO_COMMON_BLOCKS = YES;
				GCC_WARN_64_TO_32_BIT_CONVERSION = YES;
				GCC_WARN_ABOUT_RETURN_TYPE = YES_ERROR;
				GCC_WARN_UNDECLARED_SELECTOR = YES;
				GCC_WARN_UNINITIALIZED_AUTOS = YES_AGGRESSIVE;
				GCC_WARN_UNUSED_FUNCTION = YES;
				GCC_WARN_UNUSED_VARIABLE = YES;
				IPHONEOS_DEPLOYMENT_TARGET = 17.2;
				LOCALIZATION_PREFERS_STRING_CATALOGS = YES;
				MTL_ENABLE_DEBUG_INFO = NO;
				MTL_FAST_MATH = YES;
				SDKROOT = iphoneos;
				SWIFT_COMPILATION_MODE = wholemodule;
				VALIDATE_PRODUCT = YES;
			};
			name = Release;
		};
		6A8463CA2C76F559000E5513 /* Debug */ = {
			isa = XCBuildConfiguration;
			buildSettings = {
				ASSETCATALOG_COMPILER_APPICON_NAME = AppIcon;
				ASSETCATALOG_COMPILER_GLOBAL_ACCENT_COLOR_NAME = AccentColor;
				CODE_SIGN_STYLE = Automatic;
				CURRENT_PROJECT_VERSION = 1;
				DEVELOPMENT_TEAM = 7M2244JY3M;
				GENERATE_INFOPLIST_FILE = YES;
				INFOPLIST_FILE = iMusic/Info.plist;
				INFOPLIST_KEY_UIApplicationSupportsIndirectInputEvents = YES;
				INFOPLIST_KEY_UILaunchStoryboardName = LaunchScreen;
				INFOPLIST_KEY_UIMainStoryboardFile = Main;
				INFOPLIST_KEY_UISupportedInterfaceOrientations_iPad = "UIInterfaceOrientationPortrait UIInterfaceOrientationPortraitUpsideDown UIInterfaceOrientationLandscapeLeft UIInterfaceOrientationLandscapeRight";
				INFOPLIST_KEY_UISupportedInterfaceOrientations_iPhone = "UIInterfaceOrientationPortrait UIInterfaceOrientationLandscapeLeft UIInterfaceOrientationLandscapeRight";
				LD_RUNPATH_SEARCH_PATHS = (
					"$(inherited)",
					"@executable_path/Frameworks",
				);
				MARKETING_VERSION = 1.0;
				PRODUCT_BUNDLE_IDENTIFIER = com.orcabe.iMusic;
				PRODUCT_NAME = "$(TARGET_NAME)";
				SWIFT_EMIT_LOC_STRINGS = YES;
				SWIFT_VERSION = 5.0;
				TARGETED_DEVICE_FAMILY = "1,2";
			};
			name = Debug;
		};
		6A8463CB2C76F559000E5513 /* Release */ = {
			isa = XCBuildConfiguration;
			buildSettings = {
				ASSETCATALOG_COMPILER_APPICON_NAME = AppIcon;
				ASSETCATALOG_COMPILER_GLOBAL_ACCENT_COLOR_NAME = AccentColor;
				CODE_SIGN_STYLE = Automatic;
				CURRENT_PROJECT_VERSION = 1;
				DEVELOPMENT_TEAM = 7M2244JY3M;
				GENERATE_INFOPLIST_FILE = YES;
				INFOPLIST_FILE = iMusic/Info.plist;
				INFOPLIST_KEY_UIApplicationSupportsIndirectInputEvents = YES;
				INFOPLIST_KEY_UILaunchStoryboardName = LaunchScreen;
				INFOPLIST_KEY_UIMainStoryboardFile = Main;
				INFOPLIST_KEY_UISupportedInterfaceOrientations_iPad = "UIInterfaceOrientationPortrait UIInterfaceOrientationPortraitUpsideDown UIInterfaceOrientationLandscapeLeft UIInterfaceOrientationLandscapeRight";
				INFOPLIST_KEY_UISupportedInterfaceOrientations_iPhone = "UIInterfaceOrientationPortrait UIInterfaceOrientationLandscapeLeft UIInterfaceOrientationLandscapeRight";
				LD_RUNPATH_SEARCH_PATHS = (
					"$(inherited)",
					"@executable_path/Frameworks",
				);
				MARKETING_VERSION = 1.0;
				PRODUCT_BUNDLE_IDENTIFIER = com.orcabe.iMusic;
				PRODUCT_NAME = "$(TARGET_NAME)";
				SWIFT_EMIT_LOC_STRINGS = YES;
				SWIFT_VERSION = 5.0;
				TARGETED_DEVICE_FAMILY = "1,2";
			};
			name = Release;
		};
/* End XCBuildConfiguration section */

/* Begin XCConfigurationList section */
		6A8463B02C76F556000E5513 /* Build configuration list for PBXProject "iMusic" */ = {
			isa = XCConfigurationList;
			buildConfigurations = (
				6A8463C72C76F559000E5513 /* Debug */,
				6A8463C82C76F559000E5513 /* Release */,
			);
			defaultConfigurationIsVisible = 0;
			defaultConfigurationName = Release;
		};
		6A8463C92C76F559000E5513 /* Build configuration list for PBXNativeTarget "iMusic" */ = {
			isa = XCConfigurationList;
			buildConfigurations = (
				6A8463CA2C76F559000E5513 /* Debug */,
				6A8463CB2C76F559000E5513 /* Release */,
			);
			defaultConfigurationIsVisible = 0;
			defaultConfigurationName = Release;
		};
/* End XCConfigurationList section */
	};
	rootObject = 6A8463AD2C76F556000E5513 /* Project object */;
}
